
Microsoft Visual Studio Solution File, Format Version 12.00
# Visual Studio Version 16
VisualStudioVersion = 16.0.29025.244
MinimumVisualStudioVersion = 10.0.40219.1
Project("{FAE04EC0-301F-11D3-BF4B-00C04F79EFBC}") = "Kata5", "Kata5\Kata5.csproj", "{BB0CC188-3C36-430A-878F-AB8D7C0B257F}"
EndProject
Project("{FAE04EC0-301F-11D3-BF4B-00C04F79EFBC}") = "Kata5Tests", "Kata5Tests\Kata5Tests.csproj", "{E52C8087-1DB6-4DC8-9DA0-9668DB41B0B4}"
EndProject
Global
	GlobalSection(SolutionConfigurationPlatforms) = preSolution
		Debug|Any CPU = Debug|Any CPU
		Release|Any CPU = Release|Any CPU
	EndGlobalSection
	GlobalSection(ProjectConfigurationPlatforms) = postSolution
		{BB0CC188-3C36-430A-878F-AB8D7C0B257F}.Debug|Any CPU.ActiveCfg = Debug|Any CPU
		{BB0CC188-3C36-430A-878F-AB8D7C0B257F}.Debug|Any CPU.Build.0 = Debug|Any CPU
		{BB0CC188-3C36-430A-878F-AB8D7C0B257F}.Release|Any CPU.ActiveCfg = Release|Any CPU
		{BB0CC188-3C36-430A-878F-AB8D7C0B257F}.Release|Any CPU.Build.0 = Release|Any CPU
		{E52C8087-1DB6-4DC8-9DA0-9668DB41B0B4}.Debug|Any CPU.ActiveCfg = Debug|Any CPU
		{E52C8087-1DB6-4DC8-9DA0-9668DB41B0B4}.Debug|Any CPU.Build.0 = Debug|Any CPU
		{E52C8087-1DB6-4DC8-9DA0-9668DB41B0B4}.Release|Any CPU.ActiveCfg = Release|Any CPU
		{E52C8087-1DB6-4DC8-9DA0-9668DB41B0B4}.Release|Any CPU.Build.0 = Release|Any CPU
	EndGlobalSection
	GlobalSection(SolutionProperties) = preSolution
		HideSolutionNode = FALSE
	EndGlobalSection
	GlobalSection(ExtensibilityGlobals) = postSolution
		SolutionGuid = {32A880C1-793D-4F7A-A721-9ACFA6FDEA42}
	EndGlobalSection
EndGlobal
